// !$*UTF8*$!
{
	archiveVersion = 1;
	classes = {
	};
	objectVersion = 56;
	objects = {

/* Begin PBXBuildFile section */
		027B60ED855045AAB2D485C1 /* ChatViewModel.swift in Sources */ = {isa = PBXBuildFile; fileRef = 2DE9CB0358454977AE883E3E /* ChatViewModel.swift */; };
		08F7BE80BD604F648AD08D33 /* ContactsView.swift in Sources */ = {isa = PBXBuildFile; fileRef = 8449711ABA9F4CF8BD5425CB /* ContactsView.swift */; };
		0962483B8AC94AAE9DBCE8C7 /* RegisterView.swift in Sources */ = {isa = PBXBuildFile; fileRef = 9633D702F257460EB7A19D52 /* RegisterView.swift */; };
		13AABA77CCFA421EB646A195 /* SplashView.swift in Sources */ = {isa = PBXBuildFile; fileRef = 801B8683DD03482BB706BE50 /* SplashView.swift */; };
		19DB1613AEA04B2DB6D20C3A /* SYNAPTYCApp.swift in Sources */ = {isa = PBXBuildFile; fileRef = E1612116813C4AEABB5FA765 /* SYNAPTYCApp.swift */; };
		1AE3197DD19F466FB49C6718 /* Contact.swift in Sources */ = {isa = PBXBuildFile; fileRef = 120C4EC38E534B2695F5CDBF /* Contact.swift */; };
		1E3A2D100FBB43178C121637 /* SettingsView.swift in Sources */ = {isa = PBXBuildFile; fileRef = 3100E83E7E704461A7BD9C37 /* SettingsView.swift */; };
		26D6E481816344369547B5AF /* GroupChatViewModel.swift in Sources */ = {isa = PBXBuildFile; fileRef = E9876FE55FB24BE4A808E498 /* GroupChatViewModel.swift */; };
		361EB4F36E004F74A534461D /* BotViewModel.swift in Sources */ = {isa = PBXBuildFile; fileRef = 48C647F3E11144EB97AC714A /* BotViewModel.swift */; };
		38DC828B608247ECB2C17704 /* AuthViewModel.swift in Sources */ = {isa = PBXBuildFile; fileRef = D995E5BFBBBE4DA6994889AE /* AuthViewModel.swift */; };
		3E54ABF4261D49D8B5D3EF46 /* AppTheme.swift in Sources */ = {isa = PBXBuildFile; fileRef = A4D4E490C2434BAEB5169C13 /* AppTheme.swift */; };
		450EE32A63CB4BED873DA79A /* OnlineDot.swift in Sources */ = {isa = PBXBuildFile; fileRef = B202E1F5D7EE4CB7B5DBEC4B /* OnlineDot.swift */; };
		4A6BF3EEE6D34515ACB6798F /* EncryptionService.swift in Sources */ = {isa = PBXBuildFile; fileRef = B58B15AD92334D5BA2C74A45 /* EncryptionService.swift */; };
		DR00SVCBF000000000000001 /* DoubleRatchet.swift in Sources */ = {isa = PBXBuildFile; fileRef = DR00SVCFR000000000000001 /* DoubleRatchet.swift */; };
		598727CF52404A1EAAE5AF21 /* MessageBubble.swift in Sources */ = {isa = PBXBuildFile; fileRef = B348EF163F84408F8382F22B /* MessageBubble.swift */; };
		61187D622416452D8942AFB5 /* ConversationsListView.swift in Sources */ = {isa = PBXBuildFile; fileRef = 359DA86FE2F146548C8B14BA /* ConversationsListView.swift */; };
		65C0CC61AA0D48E187404C6E /* EncryptionBadge.swift in Sources */ = {isa = PBXBuildFile; fileRef = F6E15081408C4DBF87A64CA7 /* EncryptionBadge.swift */; };
		6A8B3D7C81094F768DBD4F12 /* ConversationsViewModel.swift in Sources */ = {isa = PBXBuildFile; fileRef = FF6BBB0A568841268135A65D /* ConversationsViewModel.swift */; };
		7936ECE0D8C04B1783F17328 /* Config.swift in Sources */ = {isa = PBXBuildFile; fileRef = 2C6662E259B6438A929C0820 /* Config.swift */; };
		7E0924581D704A3DAC5B3480 /* LoginView.swift in Sources */ = {isa = PBXBuildFile; fileRef = A1439888075443F78D6DDB11 /* LoginView.swift */; };
		806AB287CAB84C54B5821A3C /* BotChatView.swift in Sources */ = {isa = PBXBuildFile; fileRef = F4D76F8A330F49528BCFE3ED /* BotChatView.swift */; };
		81ACE69A41384010B4FD2737 /* User.swift in Sources */ = {isa = PBXBuildFile; fileRef = 266927B19E8F4C16B6E807AD /* User.swift */; };
		87EC4292729448C2B9BCE440 /* ContactsViewModel.swift in Sources */ = {isa = PBXBuildFile; fileRef = DF089213D0774BFFAFE765AD /* ContactsViewModel.swift */; };
		8AA95ADBA3CF4CDCA7771298 /* ChatView.swift in Sources */ = {isa = PBXBuildFile; fileRef = DBB2A8D46D1E40E0A09DCE0D /* ChatView.swift */; };
		8AE7976F19F7401B8CFA6D78 /* BotMessage.swift in Sources */ = {isa = PBXBuildFile; fileRef = 5E7D1FA59BCC4256849650F8 /* BotMessage.swift */; };
		8F4CD8A59C4848038A571EA9 /* GroupsListView.swift in Sources */ = {isa = PBXBuildFile; fileRef = 44FCAF490E8948B3B3951B44 /* GroupsListView.swift */; };
		91762E2F6FF146D7A3A4B1BC /* Group.swift in Sources */ = {isa = PBXBuildFile; fileRef = 675F9BD7833D409284ED3B85 /* Group.swift */; };
		949D00ED5FF743BEBA38CE34 /* NeonButton.swift in Sources */ = {isa = PBXBuildFile; fileRef = C0D1CD3607194721801043F3 /* NeonButton.swift */; };
		9594D9DCB1274D3987E629D1 /* APIService.swift in Sources */ = {isa = PBXBuildFile; fileRef = CF2AE83A3B254D8781867FB6 /* APIService.swift */; };
		99230B05E97445E18AA9DE0E /* KeychainService.swift in Sources */ = {isa = PBXBuildFile; fileRef = 2278B719207A4E5CBB982D7C /* KeychainService.swift */; };
		AA01ENV1BF0000000000E001 /* Environment.swift in Sources */ = {isa = PBXBuildFile; fileRef = AA01ENV1FR0000000000E001 /* Environment.swift */; };
		AA01LOC1BF0000000000E005 /* Localizable.strings in Resources */ = {isa = PBXBuildFile; fileRef = AA01LOC1FR0000000000E005 /* Localizable.strings */; };
		AA01SLC1BF0000000000E004 /* String+Localized.swift in Sources */ = {isa = PBXBuildFile; fileRef = AA01SLC1FR0000000000E004 /* String+Localized.swift */; };
		AA01SVC1BF0000000000E002 /* ServiceProtocols.swift in Sources */ = {isa = PBXBuildFile; fileRef = AA01SVC1FR0000000000E002 /* ServiceProtocols.swift */; };
		AA01TST1BF0000000000F001 /* EncryptionServiceTests.swift in Sources */ = {isa = PBXBuildFile; fileRef = AA01TST1FR0000000000F001 /* EncryptionServiceTests.swift */; };
		DRTST1BF000000000000ABCD /* DoubleRatchetTests.swift in Sources */ = {isa = PBXBuildFile; fileRef = DRTST1FR000000000000ABCD /* DoubleRatchetTests.swift */; };
		AA01TST2BF0000000000F002 /* KeychainServiceTests.swift in Sources */ = {isa = PBXBuildFile; fileRef = AA01TST2FR0000000000F002 /* KeychainServiceTests.swift */; };
		AA01TST3BF0000000000F003 /* ModelCodingTests.swift in Sources */ = {isa = PBXBuildFile; fileRef = AA01TST3FR0000000000F003 /* ModelCodingTests.swift */; };
		AA01TST4BF0000000000F004 /* ConfigTests.swift in Sources */ = {isa = PBXBuildFile; fileRef = AA01TST4FR0000000000F004 /* ConfigTests.swift */; };
		AA01TST5BF0000000000F005 /* BotMessageTests.swift in Sources */ = {isa = PBXBuildFile; fileRef = AA01TST5FR0000000000F005 /* BotMessageTests.swift */; };
		AA01TST6BF0000000000F006 /* WebSocketServiceTests.swift in Sources */ = {isa = PBXBuildFile; fileRef = AA01TST6FR0000000000F006 /* WebSocketServiceTests.swift */; };
		AA01TST7BF0000000000F007 /* APIServiceTests.swift in Sources */ = {isa = PBXBuildFile; fileRef = AA01TST7FR0000000000F007 /* APIServiceTests.swift */; };
		AA01UIT1BF0000000000F008 /* SYNAPTYCUITests.swift in Sources */ = {isa = PBXBuildFile; fileRef = AA01UIT1FR0000000000F008 /* SYNAPTYCUITests.swift */; };
		AA01UIT2BF0000000000F009 /* SYNAPTYCUITestsLaunchTests.swift in Sources */ = {isa = PBXBuildFile; fileRef = AA01UIT2FR0000000000F009 /* SYNAPTYCUITestsLaunchTests.swift */; };
		AA01VAC1BF0000000000E003 /* View+Accessibility.swift in Sources */ = {isa = PBXBuildFile; fileRef = AA01VAC1FR0000000000E003 /* View+Accessibility.swift */; };
		AEA37D267147482588E7FC28 /* MainTabView.swift in Sources */ = {isa = PBXBuildFile; fileRef = 348797FF9DC64DD39BD855B7 /* MainTabView.swift */; };
		AFE84E0688A8416F8455CFCA /* WebSocketService.swift in Sources */ = {isa = PBXBuildFile; fileRef = F123673E686547D9B6D47988 /* WebSocketService.swift */; };
		B3C49BF8CBA04D31A82C7BB8 /* TypingIndicator.swift in Sources */ = {isa = PBXBuildFile; fileRef = 9BFA2949F4214943A5104C1D /* TypingIndicator.swift */; };
		B674CA3C04B54EB6A9C5A89E /* Assets.xcassets in Resources */ = {isa = PBXBuildFile; fileRef = C29EC9456B0B47A7A826B0A9 /* Assets.xcassets */; };
		BC40967AEBC747208E752EF0 /* GroupsViewModel.swift in Sources */ = {isa = PBXBuildFile; fileRef = 0557D8DCF1AE4733872761B7 /* GroupsViewModel.swift */; };
		C89545D7B5F146FEB9A9F4F5 /* ContactRow.swift in Sources */ = {isa = PBXBuildFile; fileRef = D55424A8F213429480210E92 /* ContactRow.swift */; };
		D66FE9CADEE64638AC3B2F72 /* NeonTextField.swift in Sources */ = {isa = PBXBuildFile; fileRef = FF2297550EB34F2CA0CF05FA /* NeonTextField.swift */; };
		EE550D7DBF964742A5A6E265 /* GroupChatView.swift in Sources */ = {isa = PBXBuildFile; fileRef = 1BFBAEED953541E886BE2EB3 /* GroupChatView.swift */; };
		F1CA781D3B8C4EB5B2FB7B7C /* Message.swift in Sources */ = {isa = PBXBuildFile; fileRef = 41C0FDFFF4A54347B49B405D /* Message.swift */; };
		F2675BB043EB4C879B5F58C4 /* NotificationService.swift in Sources */ = {isa = PBXBuildFile; fileRef = 3D1992A0F54F4C9B92951008 /* NotificationService.swift */; };
/* End PBXBuildFile section */

/* Begin PBXContainerItemProxy section */
		AA01TSTPRX000000000000A1 /* PBXContainerItemProxy */ = {
			isa = PBXContainerItemProxy;
			containerPortal = A02A3D8597DA45FC93774B28 /* Project object */;
			proxyType = 1;
			remoteGlobalIDString = 72799EF3AA0C453495E92319;
			remoteInfo = "SYNAPTYC";
		};
		AA01UITPRX000000000000A2 /* PBXContainerItemProxy */ = {
			isa = PBXContainerItemProxy;
			containerPortal = A02A3D8597DA45FC93774B28 /* Project object */;
			proxyType = 1;
			remoteGlobalIDString = 72799EF3AA0C453495E92319;
			remoteInfo = "SYNAPTYC";
		};
/* End PBXContainerItemProxy section */

/* Begin PBXFileReference section */
		0557D8DCF1AE4733872761B7 /* GroupsViewModel.swift */ = {isa = PBXFileReference; lastKnownFileType = sourcecode.swift; path = GroupsViewModel.swift; sourceTree = "<group>"; };
		120C4EC38E534B2695F5CDBF /* Contact.swift */ = {isa = PBXFileReference; lastKnownFileType = sourcecode.swift; path = Contact.swift; sourceTree = "<group>"; };
		1BFBAEED953541E886BE2EB3 /* GroupChatView.swift */ = {isa = PBXFileReference; lastKnownFileType = sourcecode.swift; path = GroupChatView.swift; sourceTree = "<group>"; };
		2278B719207A4E5CBB982D7C /* KeychainService.swift */ = {isa = PBXFileReference; lastKnownFileType = sourcecode.swift; path = KeychainService.swift; sourceTree = "<group>"; };
		266927B19E8F4C16B6E807AD /* User.swift */ = {isa = PBXFileReference; lastKnownFileType = sourcecode.swift; path = User.swift; sourceTree = "<group>"; };
		2C6662E259B6438A929C0820 /* Config.swift */ = {isa = PBXFileReference; lastKnownFileType = sourcecode.swift; path = Config.swift; sourceTree = "<group>"; };
		2DE9CB0358454977AE883E3E /* ChatViewModel.swift */ = {isa = PBXFileReference; lastKnownFileType = sourcecode.swift; path = ChatViewModel.swift; sourceTree = "<group>"; };
		3100E83E7E704461A7BD9C37 /* SettingsView.swift */ = {isa = PBXFileReference; lastKnownFileType = sourcecode.swift; path = SettingsView.swift; sourceTree = "<group>"; };
		348797FF9DC64DD39BD855B7 /* MainTabView.swift */ = {isa = PBXFileReference; lastKnownFileType = sourcecode.swift; path = MainTabView.swift; sourceTree = "<group>"; };
		359DA86FE2F146548C8B14BA /* ConversationsListView.swift */ = {isa = PBXFileReference; lastKnownFileType = sourcecode.swift; path = ConversationsListView.swift; sourceTree = "<group>"; };
		3D1992A0F54F4C9B92951008 /* NotificationService.swift */ = {isa = PBXFileReference; lastKnownFileType = sourcecode.swift; path = NotificationService.swift; sourceTree = "<group>"; };
		41C0FDFFF4A54347B49B405D /* Message.swift */ = {isa = PBXFileReference; lastKnownFileType = sourcecode.swift; path = Message.swift; sourceTree = "<group>"; };
		44FCAF490E8948B3B3951B44 /* GroupsListView.swift */ = {isa = PBXFileReference; lastKnownFileType = sourcecode.swift; path = GroupsListView.swift; sourceTree = "<group>"; };
		48C647F3E11144EB97AC714A /* BotViewModel.swift */ = {isa = PBXFileReference; lastKnownFileType = sourcecode.swift; path = BotViewModel.swift; sourceTree = "<group>"; };
		5E7D1FA59BCC4256849650F8 /* BotMessage.swift */ = {isa = PBXFileReference; lastKnownFileType = sourcecode.swift; path = BotMessage.swift; sourceTree = "<group>"; };
		675F9BD7833D409284ED3B85 /* Group.swift */ = {isa = PBXFileReference; lastKnownFileType = sourcecode.swift; path = Group.swift; sourceTree = "<group>"; };
		72A141E5E5AF4DA4B99AF567 /* SYNAPTYC.app */ = {isa = PBXFileReference; explicitFileType = wrapper.application; includeInIndex = 0; path = "SYNAPTYC.app"; sourceTree = BUILT_PRODUCTS_DIR; };
		801B8683DD03482BB706BE50 /* SplashView.swift */ = {isa = PBXFileReference; lastKnownFileType = sourcecode.swift; path = SplashView.swift; sourceTree = "<group>"; };
		8449711ABA9F4CF8BD5425CB /* ContactsView.swift */ = {isa = PBXFileReference; lastKnownFileType = sourcecode.swift; path = ContactsView.swift; sourceTree = "<group>"; };
		9633D702F257460EB7A19D52 /* RegisterView.swift */ = {isa = PBXFileReference; lastKnownFileType = sourcecode.swift; path = RegisterView.swift; sourceTree = "<group>"; };
		9BFA2949F4214943A5104C1D /* TypingIndicator.swift */ = {isa = PBXFileReference; lastKnownFileType = sourcecode.swift; path = TypingIndicator.swift; sourceTree = "<group>"; };
		A1439888075443F78D6DDB11 /* LoginView.swift */ = {isa = PBXFileReference; lastKnownFileType = sourcecode.swift; path = LoginView.swift; sourceTree = "<group>"; };
		A4D4E490C2434BAEB5169C13 /* AppTheme.swift */ = {isa = PBXFileReference; lastKnownFileType = sourcecode.swift; path = AppTheme.swift; sourceTree = "<group>"; };
		AA01ENV1FR0000000000E001 /* Environment.swift */ = {isa = PBXFileReference; lastKnownFileType = sourcecode.swift; path = Environment.swift; sourceTree = "<group>"; };
		AA01LOC1FR0000000000E005 /* Localizable.strings */ = {isa = PBXFileReference; lastKnownFileType = text.plist.strings; name = Localizable.strings; path = Resources/en.lproj/Localizable.strings; sourceTree = "<group>"; };
		AA01SLC1FR0000000000E004 /* String+Localized.swift */ = {isa = PBXFileReference; lastKnownFileType = sourcecode.swift; path = "String+Localized.swift"; sourceTree = "<group>"; };
		AA01SVC1FR0000000000E002 /* ServiceProtocols.swift */ = {isa = PBXFileReference; lastKnownFileType = sourcecode.swift; path = ServiceProtocols.swift; sourceTree = "<group>"; };
		AA01TST1FR0000000000F001 /* EncryptionServiceTests.swift */ = {isa = PBXFileReference; lastKnownFileType = sourcecode.swift; path = EncryptionServiceTests.swift; sourceTree = "<group>"; };
		DRTST1FR000000000000ABCD /* DoubleRatchetTests.swift */ = {isa = PBXFileReference; lastKnownFileType = sourcecode.swift; path = DoubleRatchetTests.swift; sourceTree = "<group>"; };
		AA01TST2FR0000000000F002 /* KeychainServiceTests.swift */ = {isa = PBXFileReference; lastKnownFileType = sourcecode.swift; path = KeychainServiceTests.swift; sourceTree = "<group>"; };
		AA01TST3FR0000000000F003 /* ModelCodingTests.swift */ = {isa = PBXFileReference; lastKnownFileType = sourcecode.swift; path = ModelCodingTests.swift; sourceTree = "<group>"; };
		AA01TST4FR0000000000F004 /* ConfigTests.swift */ = {isa = PBXFileReference; lastKnownFileType = sourcecode.swift; path = ConfigTests.swift; sourceTree = "<group>"; };
		AA01TST5FR0000000000F005 /* BotMessageTests.swift */ = {isa = PBXFileReference; lastKnownFileType = sourcecode.swift; path = BotMessageTests.swift; sourceTree = "<group>"; };
		AA01TST6FR0000000000F006 /* WebSocketServiceTests.swift */ = {isa = PBXFileReference; lastKnownFileType = sourcecode.swift; path = WebSocketServiceTests.swift; sourceTree = "<group>"; };
		AA01TST7FR0000000000F007 /* APIServiceTests.swift */ = {isa = PBXFileReference; lastKnownFileType = sourcecode.swift; path = APIServiceTests.swift; sourceTree = "<group>"; };
		AA01TSTPRD00000000000001 /* SYNAPTYCTests.xctest */ = {isa = PBXFileReference; explicitFileType = wrapper.cfbundle; includeInIndex = 0; path = "SYNAPTYCTests.xctest"; sourceTree = BUILT_PRODUCTS_DIR; };
		AA01UIT1FR0000000000F008 /* SYNAPTYCUITests.swift */ = {isa = PBXFileReference; lastKnownFileType = sourcecode.swift; path = SYNAPTYCUITests.swift; sourceTree = "<group>"; };
		AA01UIT2FR0000000000F009 /* SYNAPTYCUITestsLaunchTests.swift */ = {isa = PBXFileReference; lastKnownFileType = sourcecode.swift; path = SYNAPTYCUITestsLaunchTests.swift; sourceTree = "<group>"; };
		AA01UITPRD00000000000002 /* SYNAPTYCUITests.xctest */ = {isa = PBXFileReference; explicitFileType = wrapper.cfbundle; includeInIndex = 0; path = "SYNAPTYCUITests.xctest"; sourceTree = BUILT_PRODUCTS_DIR; };
		AA01VAC1FR0000000000E003 /* View+Accessibility.swift */ = {isa = PBXFileReference; lastKnownFileType = sourcecode.swift; path = "View+Accessibility.swift"; sourceTree = "<group>"; };
		B202E1F5D7EE4CB7B5DBEC4B /* OnlineDot.swift */ = {isa = PBXFileReference; lastKnownFileType = sourcecode.swift; path = OnlineDot.swift; sourceTree = "<group>"; };
		B348EF163F84408F8382F22B /* MessageBubble.swift */ = {isa = PBXFileReference; lastKnownFileType = sourcecode.swift; path = MessageBubble.swift; sourceTree = "<group>"; };
		B58B15AD92334D5BA2C74A45 /* EncryptionService.swift */ = {isa = PBXFileReference; lastKnownFileType = sourcecode.swift; path = EncryptionService.swift; sourceTree = "<group>"; };
		DR00SVCFR000000000000001 /* DoubleRatchet.swift */ = {isa = PBXFileReference; lastKnownFileType = sourcecode.swift; path = DoubleRatchet.swift; sourceTree = "<group>"; };
		C0D1CD3607194721801043F3 /* NeonButton.swift */ = {isa = PBXFileReference; lastKnownFileType = sourcecode.swift; path = NeonButton.swift; sourceTree = "<group>"; };
		C29EC9456B0B47A7A826B0A9 /* Assets.xcassets */ = {isa = PBXFileReference; lastKnownFileType = folder.assetcatalog; path = Assets.xcassets; sourceTree = "<group>"; };
		CF2AE83A3B254D8781867FB6 /* APIService.swift */ = {isa = PBXFileReference; lastKnownFileType = sourcecode.swift; path = APIService.swift; sourceTree = "<group>"; };
		D55424A8F213429480210E92 /* ContactRow.swift */ = {isa = PBXFileReference; lastKnownFileType = sourcecode.swift; path = ContactRow.swift; sourceTree = "<group>"; };
		D995E5BFBBBE4DA6994889AE /* AuthViewModel.swift */ = {isa = PBXFileReference; lastKnownFileType = sourcecode.swift; path = AuthViewModel.swift; sourceTree = "<group>"; };
		DBB2A8D46D1E40E0A09DCE0D /* ChatView.swift */ = {isa = PBXFileReference; lastKnownFileType = sourcecode.swift; path = ChatView.swift; sourceTree = "<group>"; };
		DF089213D0774BFFAFE765AD /* ContactsViewModel.swift */ = {isa = PBXFileReference; lastKnownFileType = sourcecode.swift; path = ContactsViewModel.swift; sourceTree = "<group>"; };
		E1612116813C4AEABB5FA765 /* SYNAPTYCApp.swift */ = {isa = PBXFileReference; lastKnownFileType = sourcecode.swift; path = SYNAPTYCApp.swift; sourceTree = "<group>"; };
		E9876FE55FB24BE4A808E498 /* GroupChatViewModel.swift */ = {isa = PBXFileReference; lastKnownFileType = sourcecode.swift; path = GroupChatViewModel.swift; sourceTree = "<group>"; };
		F123673E686547D9B6D47988 /* WebSocketService.swift */ = {isa = PBXFileReference; lastKnownFileType = sourcecode.swift; path = WebSocketService.swift; sourceTree = "<group>"; };
		F18C7510F9BD47D3BD0FC1C0 /* Info.plist */ = {isa = PBXFileReference; lastKnownFileType = text.plist.xml; path = Info.plist; sourceTree = "<group>"; };
		F4D76F8A330F49528BCFE3ED /* BotChatView.swift */ = {isa = PBXFileReference; lastKnownFileType = sourcecode.swift; path = BotChatView.swift; sourceTree = "<group>"; };
		F6E15081408C4DBF87A64CA7 /* EncryptionBadge.swift */ = {isa = PBXFileReference; lastKnownFileType = sourcecode.swift; path = EncryptionBadge.swift; sourceTree = "<group>"; };
		FF2297550EB34F2CA0CF05FA /* NeonTextField.swift */ = {isa = PBXFileReference; lastKnownFileType = sourcecode.swift; path = NeonTextField.swift; sourceTree = "<group>"; };
		FF6BBB0A568841268135A65D /* ConversationsViewModel.swift */ = {isa = PBXFileReference; lastKnownFileType = sourcecode.swift; path = ConversationsViewModel.swift; sourceTree = "<group>"; };
/* End PBXFileReference section */

/* Begin PBXFrameworksBuildPhase section */
		AA01TSTFRM00000000000001 /* Frameworks */ = {
			isa = PBXFrameworksBuildPhase;
			buildActionMask = 2147483647;
			files = (
			);
			runOnlyForDeploymentPostprocessing = 0;
		};
		AA01UITFRM00000000000002 /* Frameworks */ = {
			isa = PBXFrameworksBuildPhase;
			buildActionMask = 2147483647;
			files = (
			);
			runOnlyForDeploymentPostprocessing = 0;
		};
/* End PBXFrameworksBuildPhase section */

/* Begin PBXGroup section */
		0CFADE8BA5DA496CAA008DFB /* Theme */ = {
			isa = PBXGroup;
			children = (
				A4D4E490C2434BAEB5169C13 /* AppTheme.swift */,
			);
			path = Theme;
			sourceTree = "<group>";
		};
		109110E11F494352BEAEB3D9 /* Services */ = {
			isa = PBXGroup;
			children = (
				2278B719207A4E5CBB982D7C /* KeychainService.swift */,
				B58B15AD92334D5BA2C74A45 /* EncryptionService.swift */,
				DR00SVCFR000000000000001 /* DoubleRatchet.swift */,
				CF2AE83A3B254D8781867FB6 /* APIService.swift */,
				F123673E686547D9B6D47988 /* WebSocketService.swift */,
				3D1992A0F54F4C9B92951008 /* NotificationService.swift */,
			);
			path = Services;
			sourceTree = "<group>";
		};
		26D9C7A7D369492C9B588D53 /* Main */ = {
			isa = PBXGroup;
			children = (
				348797FF9DC64DD39BD855B7 /* MainTabView.swift */,
				359DA86FE2F146548C8B14BA /* ConversationsListView.swift */,
				44FCAF490E8948B3B3951B44 /* GroupsListView.swift */,
			);
			path = Main;
			sourceTree = "<group>";
		};
		2A510124A41B4BEC918A70CE /* Products */ = {
			isa = PBXGroup;
			children = (
				72A141E5E5AF4DA4B99AF567 /* SYNAPTYC.app */,
				AA01TSTPRD00000000000001 /* SYNAPTYCTests.xctest */,
				AA01UITPRD00000000000002 /* SYNAPTYCUITests.xctest */,
			);
			name = Products;
			sourceTree = "<group>";
		};
		3A89FB88613B41FBB2AB8116 /* Models */ = {
			isa = PBXGroup;
			children = (
				266927B19E8F4C16B6E807AD /* User.swift */,
				41C0FDFFF4A54347B49B405D /* Message.swift */,
				120C4EC38E534B2695F5CDBF /* Contact.swift */,
				5E7D1FA59BCC4256849650F8 /* BotMessage.swift */,
				675F9BD7833D409284ED3B85 /* Group.swift */,
			);
			path = Models;
			sourceTree = "<group>";
		};
		727A40FC5B86405BA9E9CC1C /* Auth */ = {
			isa = PBXGroup;
			children = (
				801B8683DD03482BB706BE50 /* SplashView.swift */,
				A1439888075443F78D6DDB11 /* LoginView.swift */,
				9633D702F257460EB7A19D52 /* RegisterView.swift */,
			);
			path = Auth;
			sourceTree = "<group>";
		};
		7D8E9A2B6202492786462182 /* SYNAPTYC */ = {
			isa = PBXGroup;
			children = (
				E1612116813C4AEABB5FA765 /* SYNAPTYCApp.swift */,
				F18C7510F9BD47D3BD0FC1C0 /* Info.plist */,
				C29EC9456B0B47A7A826B0A9 /* Assets.xcassets */,
				AA01LOC1FR0000000000E005 /* Localizable.strings */,
				CC05CEFF8E624BD0B501D7EF /* Config */,
				0CFADE8BA5DA496CAA008DFB /* Theme */,
				3A89FB88613B41FBB2AB8116 /* Models */,
				109110E11F494352BEAEB3D9 /* Services */,
				AA01PRTGRP0000000000E010 /* Protocols */,
				AA01EXTGRP0000000000E011 /* Extensions */,
				B237FD9C8C764690A25B2E86 /* ViewModels */,
				AA01VWSGRP0000000000E012 /* Views */,
			);
			path = "SYNAPTYC";
			sourceTree = "<group>";
		};
		801BBE39C6A04A6FA3206A31 /* Bot */ = {
			isa = PBXGroup;
			children = (
				F4D76F8A330F49528BCFE3ED /* BotChatView.swift */,
			);
			path = Bot;
			sourceTree = "<group>";
		};
		87D2C1ABFEB64FF7A2ADEA31 /* Components */ = {
			isa = PBXGroup;
			children = (
				C0D1CD3607194721801043F3 /* NeonButton.swift */,
				FF2297550EB34F2CA0CF05FA /* NeonTextField.swift */,
				B202E1F5D7EE4CB7B5DBEC4B /* OnlineDot.swift */,
				F6E15081408C4DBF87A64CA7 /* EncryptionBadge.swift */,
			);
			path = Components;
			sourceTree = "<group>";
		};
		A9166DC2271C4927869562AE = {
			isa = PBXGroup;
			children = (
				7D8E9A2B6202492786462182 /* SYNAPTYC */,
				AA01TSTGRP00000000000001 /* SYNAPTYCTests */,
				AA01UITGRP00000000000002 /* SYNAPTYCUITests */,
				2A510124A41B4BEC918A70CE /* Products */,
			);
			sourceTree = "<group>";
		};
		AA01EXTGRP0000000000E011 /* Extensions */ = {
			isa = PBXGroup;
			children = (
				AA01VAC1FR0000000000E003 /* View+Accessibility.swift */,
				AA01SLC1FR0000000000E004 /* String+Localized.swift */,
			);
			path = Extensions;
			sourceTree = "<group>";
		};
		AA01PRTGRP0000000000E010 /* Protocols */ = {
			isa = PBXGroup;
			children = (
				AA01SVC1FR0000000000E002 /* ServiceProtocols.swift */,
			);
			path = Protocols;
			sourceTree = "<group>";
		};
		AA01TSTGRP00000000000001 /* SYNAPTYCTests */ = {
			isa = PBXGroup;
			children = (
				AA01TST1FR0000000000F001 /* EncryptionServiceTests.swift */,
				DRTST1FR000000000000ABCD /* DoubleRatchetTests.swift */,
				AA01TST2FR0000000000F002 /* KeychainServiceTests.swift */,
				AA01TST3FR0000000000F003 /* ModelCodingTests.swift */,
				AA01TST4FR0000000000F004 /* ConfigTests.swift */,
				AA01TST5FR0000000000F005 /* BotMessageTests.swift */,
				AA01TST6FR0000000000F006 /* WebSocketServiceTests.swift */,
				AA01TST7FR0000000000F007 /* APIServiceTests.swift */,
			);
			path = "SYNAPTYCTests";
			sourceTree = "<group>";
		};
		AA01UITGRP00000000000002 /* SYNAPTYCUITests */ = {
			isa = PBXGroup;
			children = (
				AA01UIT1FR0000000000F008 /* SYNAPTYCUITests.swift */,
				AA01UIT2FR0000000000F009 /* SYNAPTYCUITestsLaunchTests.swift */,
			);
			path = "SYNAPTYCUITests";
			sourceTree = "<group>";
		};
		AA01VWSGRP0000000000E012 /* Views */ = {
			isa = PBXGroup;
			children = (
				727A40FC5B86405BA9E9CC1C /* Auth */,
				26D9C7A7D369492C9B588D53 /* Main */,
				C6DF8D558A7B4C63B4C8CA92 /* Chat */,
				801BBE39C6A04A6FA3206A31 /* Bot */,
				E0ED77A6E4664D9C9DEDD77C /* Contacts */,
				E3E8FE27DF9A499EAD236681 /* Settings */,
				87D2C1ABFEB64FF7A2ADEA31 /* Components */,
			);
			path = Views;
			sourceTree = "<group>";
		};
		B237FD9C8C764690A25B2E86 /* ViewModels */ = {
			isa = PBXGroup;
			children = (
				D995E5BFBBBE4DA6994889AE /* AuthViewModel.swift */,
				FF6BBB0A568841268135A65D /* ConversationsViewModel.swift */,
				2DE9CB0358454977AE883E3E /* ChatViewModel.swift */,
				DF089213D0774BFFAFE765AD /* ContactsViewModel.swift */,
				48C647F3E11144EB97AC714A /* BotViewModel.swift */,
				E9876FE55FB24BE4A808E498 /* GroupChatViewModel.swift */,
				0557D8DCF1AE4733872761B7 /* GroupsViewModel.swift */,
			);
			path = ViewModels;
			sourceTree = "<group>";
		};
		C6DF8D558A7B4C63B4C8CA92 /* Chat */ = {
			isa = PBXGroup;
			children = (
				DBB2A8D46D1E40E0A09DCE0D /* ChatView.swift */,
				B348EF163F84408F8382F22B /* MessageBubble.swift */,
				9BFA2949F4214943A5104C1D /* TypingIndicator.swift */,
				1BFBAEED953541E886BE2EB3 /* GroupChatView.swift */,
			);
			path = Chat;
			sourceTree = "<group>";
		};
		CC05CEFF8E624BD0B501D7EF /* Config */ = {
			isa = PBXGroup;
			children = (
				2C6662E259B6438A929C0820 /* Config.swift */,
				AA01ENV1FR0000000000E001 /* Environment.swift */,
			);
			path = Config;
			sourceTree = "<group>";
		};
		E0ED77A6E4664D9C9DEDD77C /* Contacts */ = {
			isa = PBXGroup;
			children = (
				8449711ABA9F4CF8BD5425CB /* ContactsView.swift */,
				D55424A8F213429480210E92 /* ContactRow.swift */,
			);
			path = Contacts;
			sourceTree = "<group>";
		};
		E3E8FE27DF9A499EAD236681 /* Settings */ = {
			isa = PBXGroup;
			children = (
				3100E83E7E704461A7BD9C37 /* SettingsView.swift */,
			);
			path = Settings;
			sourceTree = "<group>";
		};
/* End PBXGroup section */

/* Begin PBXNativeTarget section */
		72799EF3AA0C453495E92319 /* SYNAPTYC */ = {
			isa = PBXNativeTarget;
			buildConfigurationList = F7CBFB96C8374F89B19DE23E /* Build configuration list for PBXNativeTarget "SYNAPTYC" */;
			buildPhases = (
				5CB054FC1974402FB749C24D /* Sources */,
				7785F9EB97E74D97A423CED3 /* Resources */,
			);
			buildRules = (
			);
			dependencies = (
			);
			name = "SYNAPTYC";
			productName = "SYNAPTYC";
			productReference = 72A141E5E5AF4DA4B99AF567 /* SYNAPTYC.app */;
			productType = "com.apple.product-type.application";
		};
		AA01TSTTGT00000000000001 /* SYNAPTYCTests */ = {
			isa = PBXNativeTarget;
			buildConfigurationList = AA01TSTCFL00000000000001 /* Build configuration list for PBXNativeTarget "SYNAPTYCTests" */;
			buildPhases = (
				AA01TSTSRC00000000000001 /* Sources */,
				AA01TSTFRM00000000000001 /* Frameworks */,
			);
			buildRules = (
			);
			dependencies = (
				AA01TSTDEP00000000000001 /* PBXTargetDependency */,
			);
			name = "SYNAPTYCTests";
			productName = "SYNAPTYCTests";
			productReference = AA01TSTPRD00000000000001 /* SYNAPTYCTests.xctest */;
			productType = "com.apple.product-type.bundle.unit-test";
		};
		AA01UITTGT00000000000001 /* SYNAPTYCUITests */ = {
			isa = PBXNativeTarget;
			buildConfigurationList = AA01UITCFL00000000000001 /* Build configuration list for PBXNativeTarget "SYNAPTYCUITests" */;
			buildPhases = (
				AA01UITSRC00000000000001 /* Sources */,
				AA01UITFRM00000000000002 /* Frameworks */,
			);
			buildRules = (
			);
			dependencies = (
				AA01UITDEP00000000000001 /* PBXTargetDependency */,
			);
			name = "SYNAPTYCUITests";
			productName = "SYNAPTYCUITests";
			productReference = AA01UITPRD00000000000002 /* SYNAPTYCUITests.xctest */;
			productType = "com.apple.product-type.bundle.ui-testing";
		};
/* End PBXNativeTarget section */

/* Begin PBXProject section */
		A02A3D8597DA45FC93774B28 /* Project object */ = {
			isa = PBXProject;
			attributes = {
				BuildIndependentTargetsInParallel = 1;
				LastSwiftUpdateCheck = 1500;
				LastUpgradeCheck = 1500;
				TargetAttributes = {
					72799EF3AA0C453495E92319 = {
						CreatedOnToolsVersion = 15.0;
					};
					AA01TSTTGT00000000000001 = {
						CreatedOnToolsVersion = 15.0;
						TestTargetID = 72799EF3AA0C453495E92319;
					};
					AA01UITTGT00000000000001 = {
						CreatedOnToolsVersion = 15.0;
						TestTargetID = 72799EF3AA0C453495E92319;
					};
				};
			};
			buildConfigurationList = 28D651CA8E5A4A70AE4D92AF /* Build configuration list for PBXProject "SYNAPTYC" */;
			compatibilityVersion = "Xcode 14.0";
			developmentRegion = en;
			hasScannedForEncodings = 0;
			knownRegions = (
				en,
				Base,
			);
			mainGroup = A9166DC2271C4927869562AE;
			projectDirPath = "";
			projectRoot = "";
			targets = (
				72799EF3AA0C453495E92319 /* SYNAPTYC */,
				AA01TSTTGT00000000000001 /* SYNAPTYCTests */,
				AA01UITTGT00000000000001 /* SYNAPTYCUITests */,
			);
		};
/* End PBXProject section */

/* Begin PBXResourcesBuildPhase section */
		7785F9EB97E74D97A423CED3 /* Resources */ = {
			isa = PBXResourcesBuildPhase;
			buildActionMask = 2147483647;
			files = (
				B674CA3C04B54EB6A9C5A89E /* Assets.xcassets in Resources */,
				AA01LOC1BF0000000000E005 /* Localizable.strings in Resources */,
			);
			runOnlyForDeploymentPostprocessing = 0;
		};
/* End PBXResourcesBuildPhase section */

/* Begin PBXSourcesBuildPhase section */
		5CB054FC1974402FB749C24D /* Sources */ = {
			isa = PBXSourcesBuildPhase;
			buildActionMask = 2147483647;
			files = (
				19DB1613AEA04B2DB6D20C3A /* SYNAPTYCApp.swift in Sources */,
				7936ECE0D8C04B1783F17328 /* Config.swift in Sources */,
				3E54ABF4261D49D8B5D3EF46 /* AppTheme.swift in Sources */,
				81ACE69A41384010B4FD2737 /* User.swift in Sources */,
				F1CA781D3B8C4EB5B2FB7B7C /* Message.swift in Sources */,
				1AE3197DD19F466FB49C6718 /* Contact.swift in Sources */,
				8AE7976F19F7401B8CFA6D78 /* BotMessage.swift in Sources */,
				99230B05E97445E18AA9DE0E /* KeychainService.swift in Sources */,
				4A6BF3EEE6D34515ACB6798F /* EncryptionService.swift in Sources */,
				DR00SVCBF000000000000001 /* DoubleRatchet.swift in Sources */,
				9594D9DCB1274D3987E629D1 /* APIService.swift in Sources */,
				AFE84E0688A8416F8455CFCA /* WebSocketService.swift in Sources */,
				F2675BB043EB4C879B5F58C4 /* NotificationService.swift in Sources */,
				38DC828B608247ECB2C17704 /* AuthViewModel.swift in Sources */,
				6A8B3D7C81094F768DBD4F12 /* ConversationsViewModel.swift in Sources */,
				027B60ED855045AAB2D485C1 /* ChatViewModel.swift in Sources */,
				87EC4292729448C2B9BCE440 /* ContactsViewModel.swift in Sources */,
				361EB4F36E004F74A534461D /* BotViewModel.swift in Sources */,
				13AABA77CCFA421EB646A195 /* SplashView.swift in Sources */,
				7E0924581D704A3DAC5B3480 /* LoginView.swift in Sources */,
				0962483B8AC94AAE9DBCE8C7 /* RegisterView.swift in Sources */,
				AEA37D267147482588E7FC28 /* MainTabView.swift in Sources */,
				61187D622416452D8942AFB5 /* ConversationsListView.swift in Sources */,
				8AA95ADBA3CF4CDCA7771298 /* ChatView.swift in Sources */,
				598727CF52404A1EAAE5AF21 /* MessageBubble.swift in Sources */,
				B3C49BF8CBA04D31A82C7BB8 /* TypingIndicator.swift in Sources */,
				08F7BE80BD604F648AD08D33 /* ContactsView.swift in Sources */,
				C89545D7B5F146FEB9A9F4F5 /* ContactRow.swift in Sources */,
				806AB287CAB84C54B5821A3C /* BotChatView.swift in Sources */,
				1E3A2D100FBB43178C121637 /* SettingsView.swift in Sources */,
				949D00ED5FF743BEBA38CE34 /* NeonButton.swift in Sources */,
				D66FE9CADEE64638AC3B2F72 /* NeonTextField.swift in Sources */,
				450EE32A63CB4BED873DA79A /* OnlineDot.swift in Sources */,
				65C0CC61AA0D48E187404C6E /* EncryptionBadge.swift in Sources */,
				91762E2F6FF146D7A3A4B1BC /* Group.swift in Sources */,
				26D6E481816344369547B5AF /* GroupChatViewModel.swift in Sources */,
				BC40967AEBC747208E752EF0 /* GroupsViewModel.swift in Sources */,
				EE550D7DBF964742A5A6E265 /* GroupChatView.swift in Sources */,
				8F4CD8A59C4848038A571EA9 /* GroupsListView.swift in Sources */,
				AA01ENV1BF0000000000E001 /* Environment.swift in Sources */,
				AA01SVC1BF0000000000E002 /* ServiceProtocols.swift in Sources */,
				AA01VAC1BF0000000000E003 /* View+Accessibility.swift in Sources */,
				AA01SLC1BF0000000000E004 /* String+Localized.swift in Sources */,
			);
			runOnlyForDeploymentPostprocessing = 0;
		};
		AA01TSTSRC00000000000001 /* Sources */ = {
			isa = PBXSourcesBuildPhase;
			buildActionMask = 2147483647;
			files = (
				AA01TST1BF0000000000F001 /* EncryptionServiceTests.swift in Sources */,
				DRTST1BF000000000000ABCD /* DoubleRatchetTests.swift in Sources */,
				AA01TST2BF0000000000F002 /* KeychainServiceTests.swift in Sources */,
				AA01TST3BF0000000000F003 /* ModelCodingTests.swift in Sources */,
				AA01TST4BF0000000000F004 /* ConfigTests.swift in Sources */,
				AA01TST5BF0000000000F005 /* BotMessageTests.swift in Sources */,
				AA01TST6BF0000000000F006 /* WebSocketServiceTests.swift in Sources */,
				AA01TST7BF0000000000F007 /* APIServiceTests.swift in Sources */,
			);
			runOnlyForDeploymentPostprocessing = 0;
		};
		AA01UITSRC00000000000001 /* Sources */ = {
			isa = PBXSourcesBuildPhase;
			buildActionMask = 2147483647;
			files = (
				AA01UIT1BF0000000000F008 /* SYNAPTYCUITests.swift in Sources */,
				AA01UIT2BF0000000000F009 /* SYNAPTYCUITestsLaunchTests.swift in Sources */,
			);
			runOnlyForDeploymentPostprocessing = 0;
		};
/* End PBXSourcesBuildPhase section */

/* Begin PBXTargetDependency section */
		AA01TSTDEP00000000000001 /* PBXTargetDependency */ = {
			isa = PBXTargetDependency;
			target = 72799EF3AA0C453495E92319 /* SYNAPTYC */;
			targetProxy = AA01TSTPRX000000000000A1 /* PBXContainerItemProxy */;
		};
		AA01UITDEP00000000000001 /* PBXTargetDependency */ = {
			isa = PBXTargetDependency;
			target = 72799EF3AA0C453495E92319 /* SYNAPTYC */;
			targetProxy = AA01UITPRX000000000000A2 /* PBXContainerItemProxy */;
		};
/* End PBXTargetDependency section */

/* Begin XCBuildConfiguration section */
		647F3DB84E8C4A959BD3D135 /* Release */ = {
			isa = XCBuildConfiguration;
			buildSettings = {
				ASSETCATALOG_COMPILER_APPICON_NAME = AppIcon;
				CODE_SIGN_STYLE = Automatic;
				CURRENT_PROJECT_VERSION = 80;
				DEVELOPMENT_TEAM = LF9DXU9P25;
				"EXCLUDED_ARCHS[sdk=iphonesimulator*]" = "arm64 x86_64";
				GENERATE_INFOPLIST_FILE = NO;
				INFOPLIST_FILE = "SYNAPTYC/Info.plist";
				IPHONEOS_DEPLOYMENT_TARGET = 17.0;
				MARKETING_VERSION = 1.5.0;
				PRODUCT_BUNDLE_IDENTIFIER = com.aievolution.nanosynapsys;
				PRODUCT_NAME = "$(TARGET_NAME)";
				SDKROOT = iphoneos;
				SWIFT_EMIT_LOC_STRINGS = YES;
				SWIFT_VERSION = 5.0;
				TARGETED_DEVICE_FAMILY = 1;
			};
			name = Release;
		};
		87D9BC98D3DD42DD91914135 /* Debug */ = {
			isa = XCBuildConfiguration;
			buildSettings = {
				ASSETCATALOG_COMPILER_APPICON_NAME = AppIcon;
				CODE_SIGN_IDENTITY = "Apple Development";
				CODE_SIGN_STYLE = Automatic;
				CURRENT_PROJECT_VERSION = 80;
				DEVELOPMENT_TEAM = LF9DXU9P25;
				GENERATE_INFOPLIST_FILE = NO;
				INFOPLIST_FILE = "SYNAPTYC/Info.plist";
				IPHONEOS_DEPLOYMENT_TARGET = 17.0;
				MARKETING_VERSION = 1.5.0;
				PRODUCT_BUNDLE_IDENTIFIER = com.aievolution.nanosynapsys;
				PRODUCT_NAME = "$(TARGET_NAME)";
				SDKROOT = iphoneos;
				SWIFT_EMIT_LOC_STRINGS = YES;
				SWIFT_VERSION = 5.0;
				TARGETED_DEVICE_FAMILY = 1;
			};
			name = Debug;
		};
		8F25F8B6D4574DA5884846E4 /* Debug */ = {
			isa = XCBuildConfiguration;
			buildSettings = {
				ALWAYS_SEARCH_USER_PATHS = NO;
				ASSET_CATALOG_COMPILER_OPTIMIZATION = space;
				CLANG_ANALYZER_NONNULL = YES;
				CLANG_CXX_LANGUAGE_STANDARD = "gnu++20";
				CLANG_ENABLE_MODULES = YES;
				CLANG_ENABLE_OBJC_ARC = YES;
				COPY_PHASE_STRIP = NO;
				CURRENT_PROJECT_VERSION = 80;
				DEBUG_INFORMATION_FORMAT = dwarf;
				ENABLE_STRICT_OBJC_MSGSEND = YES;
				ENABLE_TESTABILITY = YES;
				GCC_C_LANGUAGE_STANDARD = gnu17;
				GCC_DYNAMIC_NO_PIC = NO;
				GCC_NO_COMMON_BLOCKS = YES;
				GCC_OPTIMIZATION_LEVEL = 0;
				IPHONEOS_DEPLOYMENT_TARGET = 17.0;
				MARKETING_VERSION = 1.5.0;
				MTL_ENABLE_DEBUG_INFO = INCLUDE_SOURCE;
				MTL_FAST_MATH = YES;
				ONLY_ACTIVE_ARCH = YES;
				SDKROOT = iphoneos;
				SWIFT_ACTIVE_COMPILATION_CONDITIONS = DEBUG;
				SWIFT_OPTIMIZATION_LEVEL = "-Onone";
			};
			name = Debug;
		};
		AA01TSTDBG00000000000001 /* Debug */ = {
			isa = XCBuildConfiguration;
			buildSettings = {
				BUNDLE_LOADER = "$(TEST_HOST)";
				CODE_SIGN_STYLE = Automatic;
				CURRENT_PROJECT_VERSION = 80;
				GENERATE_INFOPLIST_FILE = YES;
				IPHONEOS_DEPLOYMENT_TARGET = 17.0;
				MARKETING_VERSION = 1.5.0;
				PRODUCT_BUNDLE_IDENTIFIER = com.nanosynapsys.app.tests;
				PRODUCT_NAME = "$(TARGET_NAME)";
				SWIFT_EMIT_LOC_STRINGS = NO;
				SWIFT_VERSION = 5.0;
				TARGETED_DEVICE_FAMILY = "1,2";
				TEST_HOST = "$(BUILT_PRODUCTS_DIR)/SYNAPTYC.app/$(BUNDLE_EXECUTABLE_FOLDER_PATH)/SYNAPTYC";
			};
			name = Debug;
		};
		AA01TSTREL00000000000001 /* Release */ = {
			isa = XCBuildConfiguration;
			buildSettings = {
				BUNDLE_LOADER = "$(TEST_HOST)";
				CODE_SIGN_STYLE = Automatic;
				CURRENT_PROJECT_VERSION = 80;
				GENERATE_INFOPLIST_FILE = YES;
				IPHONEOS_DEPLOYMENT_TARGET = 17.0;
				MARKETING_VERSION = 1.5.0;
				PRODUCT_BUNDLE_IDENTIFIER = com.nanosynapsys.app.tests;
				PRODUCT_NAME = "$(TARGET_NAME)";
				SWIFT_EMIT_LOC_STRINGS = NO;
				SWIFT_VERSION = 5.0;
				TARGETED_DEVICE_FAMILY = "1,2";
				TEST_HOST = "$(BUILT_PRODUCTS_DIR)/SYNAPTYC.app/$(BUNDLE_EXECUTABLE_FOLDER_PATH)/SYNAPTYC";
			};
			name = Release;
		};
		AA01UITDBG00000000000001 /* Debug */ = {
			isa = XCBuildConfiguration;
			buildSettings = {
				CODE_SIGN_STYLE = Automatic;
				CURRENT_PROJECT_VERSION = 80;
				GENERATE_INFOPLIST_FILE = YES;
				IPHONEOS_DEPLOYMENT_TARGET = 17.0;
				MARKETING_VERSION = 1.5.0;
				PRODUCT_BUNDLE_IDENTIFIER = com.nanosynapsys.app.uitests;
				PRODUCT_NAME = "$(TARGET_NAME)";
				SWIFT_EMIT_LOC_STRINGS = NO;
				SWIFT_VERSION = 5.0;
				TARGETED_DEVICE_FAMILY = "1,2";
				TEST_TARGET_NAME = "SYNAPTYC";
			};
			name = Debug;
		};
		AA01UITREL00000000000001 /* Release */ = {
			isa = XCBuildConfiguration;
			buildSettings = {
				CODE_SIGN_STYLE = Automatic;
				CURRENT_PROJECT_VERSION = 80;
				GENERATE_INFOPLIST_FILE = YES;
				IPHONEOS_DEPLOYMENT_TARGET = 17.0;
				MARKETING_VERSION = 1.5.0;
				PRODUCT_BUNDLE_IDENTIFIER = com.nanosynapsys.app.uitests;
				PRODUCT_NAME = "$(TARGET_NAME)";
				SWIFT_EMIT_LOC_STRINGS = NO;
				SWIFT_VERSION = 5.0;
				TARGETED_DEVICE_FAMILY = "1,2";
				TEST_TARGET_NAME = "SYNAPTYC";
			};
			name = Release;
		};
		DBBA6879DA4F4254ADD544B6 /* Release */ = {
			isa = XCBuildConfiguration;
			buildSettings = {
				ALWAYS_SEARCH_USER_PATHS = NO;
				ASSET_CATALOG_COMPILER_OPTIMIZATION = space;
				CLANG_ANALYZER_NONNULL = YES;
				CLANG_CXX_LANGUAGE_STANDARD = "gnu++20";
				CLANG_ENABLE_MODULES = YES;
				CLANG_ENABLE_OBJC_ARC = YES;
				COPY_PHASE_STRIP = NO;
				CURRENT_PROJECT_VERSION = 80;
				DEBUG_INFORMATION_FORMAT = "dwarf-with-dsym";
				ENABLE_NS_ASSERTIONS = NO;
				ENABLE_STRICT_OBJC_MSGSEND = YES;
				GCC_C_LANGUAGE_STANDARD = gnu17;
				GCC_NO_COMMON_BLOCKS = YES;
				IPHONEOS_DEPLOYMENT_TARGET = 17.0;
				MARKETING_VERSION = 1.5.0;
				MTL_ENABLE_DEBUG_INFO = NO;
				MTL_FAST_MATH = YES;
				SDKROOT = iphoneos;
				SWIFT_COMPILATION_MODE = wholemodule;
				SWIFT_OPTIMIZATION_LEVEL = "-O";
				VALIDATE_PRODUCT = YES;
			};
			name = Release;
		};
/* End XCBuildConfiguration section */

/* Begin XCConfigurationList section */
		28D651CA8E5A4A70AE4D92AF /* Build configuration list for PBXProject "SYNAPTYC" */ = {
			isa = XCConfigurationList;
			buildConfigurations = (
				8F25F8B6D4574DA5884846E4 /* Debug */,
				DBBA6879DA4F4254ADD544B6 /* Release */,
			);
			defaultConfigurationIsVisible = 0;
			defaultConfigurationName = Release;
		};
		AA01TSTCFL00000000000001 /* Build configuration list for PBXNativeTarget "SYNAPTYCTests" */ = {
			isa = XCConfigurationList;
			buildConfigurations = (
				AA01TSTDBG00000000000001 /* Debug */,
				AA01TSTREL00000000000001 /* Release */,
			);
			defaultConfigurationIsVisible = 0;
			defaultConfigurationName = Release;
		};
		AA01UITCFL00000000000001 /* Build configuration list for PBXNativeTarget "SYNAPTYCUITests" */ = {
			isa = XCConfigurationList;
			buildConfigurations = (
				AA01UITDBG00000000000001 /* Debug */,
				AA01UITREL00000000000001 /* Release */,
			);
			defaultConfigurationIsVisible = 0;
			defaultConfigurationName = Release;
		};
		F7CBFB96C8374F89B19DE23E /* Build configuration list for PBXNativeTarget "SYNAPTYC" */ = {
			isa = XCConfigurationList;
			buildConfigurations = (
				87D9BC98D3DD42DD91914135 /* Debug */,
				647F3DB84E8C4A959BD3D135 /* Release */,
			);
			defaultConfigurationIsVisible = 0;
			defaultConfigurationName = Release;
		};
/* End XCConfigurationList section */
	};
	rootObject = A02A3D8597DA45FC93774B28 /* Project object */;
}
